
Microsoft Visual Studio Solution File, Format Version 12.00
# Visual Studio Version 17
VisualStudioVersion = 17.2.32616.157
MinimumVisualStudioVersion = 10.0.40219.1
Project("{FAE04EC0-301F-11D3-BF4B-00C04F79EFBC}") = "progettoCD", "progettoCD\progettoCD.csproj", "{F508E17D-DDDD-4B00-AF64-E8F304879257}"
EndProject
Global
	GlobalSection(SolutionConfigurationPlatforms) = preSolution
		Debug|Any CPU = Debug|Any CPU
		Release|Any CPU = Release|Any CPU
	EndGlobalSection
	GlobalSection(ProjectConfigurationPlatforms) = postSolution
		{F508E17D-DDDD-4B00-AF64-E8F304879257}.Debug|Any CPU.ActiveCfg = Debug|Any CPU
		{F508E17D-DDDD-4B00-AF64-E8F304879257}.Debug|Any CPU.Build.0 = Debug|Any CPU
		{F508E17D-DDDD-4B00-AF64-E8F304879257}.Release|Any CPU.ActiveCfg = Release|Any CPU
		{F508E17D-DDDD-4B00-AF64-E8F304879257}.Release|Any CPU.Build.0 = Release|Any CPU
	EndGlobalSection
	GlobalSection(SolutionProperties) = preSolution
		HideSolutionNode = FALSE
	EndGlobalSection
	GlobalSection(ExtensibilityGlobals) = postSolution
		SolutionGuid = {113DCC1C-E932-459C-BD6B-A3812F6F9496}
	EndGlobalSection
EndGlobal
